
Microsoft Visual Studio Solution File, Format Version 12.00
# Visual Studio Version 17
VisualStudioVersion = 17.4.33110.190
MinimumVisualStudioVersion = 10.0.40219.1
Project("{FAE04EC0-301F-11D3-BF4B-00C04F79EFBC}") = "Net7.WebApi", "Net7.WebApi\Net7.WebApi.csproj", "{F79DEA47-CFD0-4C5F-BE90-E7F6D0BB6F16}"
EndProject
Global
	GlobalSection(SolutionConfigurationPlatforms) = preSolution
		Debug|Any CPU = Debug|Any CPU
		Release|Any CPU = Release|Any CPU
	EndGlobalSection
	GlobalSection(ProjectConfigurationPlatforms) = postSolution
		{F79DEA47-CFD0-4C5F-BE90-E7F6D0BB6F16}.Debug|Any CPU.ActiveCfg = Debug|Any CPU
		{F79DEA47-CFD0-4C5F-BE90-E7F6D0BB6F16}.Debug|Any CPU.Build.0 = Debug|Any CPU
		{F79DEA47-CFD0-4C5F-BE90-E7F6D0BB6F16}.Release|Any CPU.ActiveCfg = Release|Any CPU
		{F79DEA47-CFD0-4C5F-BE90-E7F6D0BB6F16}.Release|Any CPU.Build.0 = Release|Any CPU
	EndGlobalSection
	GlobalSection(SolutionProperties) = preSolution
		HideSolutionNode = FALSE
	EndGlobalSection
	GlobalSection(ExtensibilityGlobals) = postSolution
		SolutionGuid = {46BF8655-2AF8-4187-8CD7-2B59ED7424A0}
	EndGlobalSection
EndGlobal
